// !$*UTF8*$!
{
	archiveVersion = 1;
	classes = {
	};
	objectVersion = 56;
	objects = {

/* Begin PBXBuildFile section */
		6673D0B9298D06B3007DF64A /* AppDelegate.swift in Sources */ = {isa = PBXBuildFile; fileRef = 6673D0B8298D06B3007DF64A /* AppDelegate.swift */; };
		6673D0BD298D06B3007DF64A /* ViewController.swift in Sources */ = {isa = PBXBuildFile; fileRef = 6673D0BC298D06B3007DF64A /* ViewController.swift */; };
		6673D0C3298D06B3007DF64A /* CoreDataWork.xcdatamodeld in Sources */ = {isa = PBXBuildFile; fileRef = 6673D0C1298D06B3007DF64A /* CoreDataWork.xcdatamodeld */; };
		6673D0C5298D06B5007DF64A /* Assets.xcassets in Resources */ = {isa = PBXBuildFile; fileRef = 6673D0C4298D06B5007DF64A /* Assets.xcassets */; };
		6673D0C8298D06B5007DF64A /* LaunchScreen.storyboard in Resources */ = {isa = PBXBuildFile; fileRef = 6673D0C6298D06B5007DF64A /* LaunchScreen.storyboard */; };
		66F56893298E98810090F14A /* Company+CoreDataClass.swift in Sources */ = {isa = PBXBuildFile; fileRef = 66F5688F298E98810090F14A /* Company+CoreDataClass.swift */; };
		66F56894298E98810090F14A /* Company+CoreDataProperties.swift in Sources */ = {isa = PBXBuildFile; fileRef = 66F56890298E98810090F14A /* Company+CoreDataProperties.swift */; };
		66F5689A298E9AC80090F14A /* CoreDataManager.swift in Sources */ = {isa = PBXBuildFile; fileRef = 66F56899298E9AC80090F14A /* CoreDataManager.swift */; };
		66F568A1298EA2050090F14A /* User+CoreDataClass.swift in Sources */ = {isa = PBXBuildFile; fileRef = 66F5689F298EA2050090F14A /* User+CoreDataClass.swift */; };
		66F568A2298EA2050090F14A /* User+CoreDataProperties.swift in Sources */ = {isa = PBXBuildFile; fileRef = 66F568A0298EA2050090F14A /* User+CoreDataProperties.swift */; };
/* End PBXBuildFile section */

/* Begin PBXFileReference section */
		6673D0B5298D06B3007DF64A /* CoreDataWork.app */ = {isa = PBXFileReference; explicitFileType = wrapper.application; includeInIndex = 0; path = CoreDataWork.app; sourceTree = BUILT_PRODUCTS_DIR; };
		6673D0B8298D06B3007DF64A /* AppDelegate.swift */ = {isa = PBXFileReference; lastKnownFileType = sourcecode.swift; path = AppDelegate.swift; sourceTree = "<group>"; };
		6673D0BC298D06B3007DF64A /* ViewController.swift */ = {isa = PBXFileReference; lastKnownFileType = sourcecode.swift; path = ViewController.swift; sourceTree = "<group>"; };
		6673D0C2298D06B3007DF64A /* CoreDataWork.xcdatamodel */ = {isa = PBXFileReference; lastKnownFileType = wrapper.xcdatamodel; path = CoreDataWork.xcdatamodel; sourceTree = "<group>"; };
		6673D0C4298D06B5007DF64A /* Assets.xcassets */ = {isa = PBXFileReference; lastKnownFileType = folder.assetcatalog; path = Assets.xcassets; sourceTree = "<group>"; };
		6673D0C7298D06B5007DF64A /* Base */ = {isa = PBXFileReference; lastKnownFileType = file.storyboard; name = Base; path = Base.lproj/LaunchScreen.storyboard; sourceTree = "<group>"; };
		6673D0C9298D06B5007DF64A /* Info.plist */ = {isa = PBXFileReference; lastKnownFileType = text.plist.xml; path = Info.plist; sourceTree = "<group>"; };
		66F5688F298E98810090F14A /* Company+CoreDataClass.swift */ = {isa = PBXFileReference; lastKnownFileType = sourcecode.swift; path = "Company+CoreDataClass.swift"; sourceTree = "<group>"; };
		66F56890298E98810090F14A /* Company+CoreDataProperties.swift */ = {isa = PBXFileReference; lastKnownFileType = sourcecode.swift; path = "Company+CoreDataProperties.swift"; sourceTree = "<group>"; };
		66F56899298E9AC80090F14A /* CoreDataManager.swift */ = {isa = PBXFileReference; lastKnownFileType = sourcecode.swift; path = CoreDataManager.swift; sourceTree = "<group>"; };
		66F5689F298EA2050090F14A /* User+CoreDataClass.swift */ = {isa = PBXFileReference; lastKnownFileType = sourcecode.swift; path = "User+CoreDataClass.swift"; sourceTree = "<group>"; };
		66F568A0298EA2050090F14A /* User+CoreDataProperties.swift */ = {isa = PBXFileReference; lastKnownFileType = sourcecode.swift; path = "User+CoreDataProperties.swift"; sourceTree = "<group>"; };
/* End PBXFileReference section */

/* Begin PBXFrameworksBuildPhase section */
		6673D0B2298D06B3007DF64A /* Frameworks */ = {
			isa = PBXFrameworksBuildPhase;
			buildActionMask = 2147483647;
			files = (
			);
			runOnlyForDeploymentPostprocessing = 0;
		};
/* End PBXFrameworksBuildPhase section */

/* Begin PBXGroup section */
		6673D0AC298D06B3007DF64A = {
			isa = PBXGroup;
			children = (
				66F56898298E9ABC0090F14A /* CoreDataManager */,
				66F56897298E988D0090F14A /* Models */,
				6673D0B7298D06B3007DF64A /* CoreDataWork */,
				6673D0B6298D06B3007DF64A /* Products */,
			);
			sourceTree = "<group>";
		};
		6673D0B6298D06B3007DF64A /* Products */ = {
			isa = PBXGroup;
			children = (
				6673D0B5298D06B3007DF64A /* CoreDataWork.app */,
			);
			name = Products;
			sourceTree = "<group>";
		};
		6673D0B7298D06B3007DF64A /* CoreDataWork */ = {
			isa = PBXGroup;
			children = (
				6673D0B8298D06B3007DF64A /* AppDelegate.swift */,
				6673D0BC298D06B3007DF64A /* ViewController.swift */,
				6673D0C4298D06B5007DF64A /* Assets.xcassets */,
				6673D0C6298D06B5007DF64A /* LaunchScreen.storyboard */,
				6673D0C9298D06B5007DF64A /* Info.plist */,
				6673D0C1298D06B3007DF64A /* CoreDataWork.xcdatamodeld */,
			);
			path = CoreDataWork;
			sourceTree = "<group>";
		};
		66F56897298E988D0090F14A /* Models */ = {
			isa = PBXGroup;
			children = (
				66F5689F298EA2050090F14A /* User+CoreDataClass.swift */,
				66F568A0298EA2050090F14A /* User+CoreDataProperties.swift */,
				66F5688F298E98810090F14A /* Company+CoreDataClass.swift */,
				66F56890298E98810090F14A /* Company+CoreDataProperties.swift */,
			);
			path = Models;
			sourceTree = "<group>";
		};
		66F56898298E9ABC0090F14A /* CoreDataManager */ = {
			isa = PBXGroup;
			children = (
				66F56899298E9AC80090F14A /* CoreDataManager.swift */,
			);
			path = CoreDataManager;
			sourceTree = "<group>";
		};
/* End PBXGroup section */

/* Begin PBXNativeTarget section */
		6673D0B4298D06B3007DF64A /* CoreDataWork */ = {
			isa = PBXNativeTarget;
			buildConfigurationList = 6673D0CC298D06B5007DF64A /* Build configuration list for PBXNativeTarget "CoreDataWork" */;
			buildPhases = (
				6673D0B1298D06B3007DF64A /* Sources */,
				6673D0B2298D06B3007DF64A /* Frameworks */,
				6673D0B3298D06B3007DF64A /* Resources */,
			);
			buildRules = (
			);
			dependencies = (
			);
			name = CoreDataWork;
			productName = CoreDataWork;
			productReference = 6673D0B5298D06B3007DF64A /* CoreDataWork.app */;
			productType = "com.apple.product-type.application";
		};
/* End PBXNativeTarget section */

/* Begin PBXProject section */
		6673D0AD298D06B3007DF64A /* Project object */ = {
			isa = PBXProject;
			attributes = {
				BuildIndependentTargetsInParallel = 1;
				LastSwiftUpdateCheck = 1400;
				LastUpgradeCheck = 1400;
				TargetAttributes = {
					6673D0B4298D06B3007DF64A = {
						CreatedOnToolsVersion = 14.0.1;
					};
				};
			};
			buildConfigurationList = 6673D0B0298D06B3007DF64A /* Build configuration list for PBXProject "CoreDataWork" */;
			compatibilityVersion = "Xcode 14.0";
			developmentRegion = en;
			hasScannedForEncodings = 0;
			knownRegions = (
				en,
				Base,
			);
			mainGroup = 6673D0AC298D06B3007DF64A;
			productRefGroup = 6673D0B6298D06B3007DF64A /* Products */;
			projectDirPath = "";
			projectRoot = "";
			targets = (
				6673D0B4298D06B3007DF64A /* CoreDataWork */,
			);
		};
/* End PBXProject section */

/* Begin PBXResourcesBuildPhase section */
		6673D0B3298D06B3007DF64A /* Resources */ = {
			isa = PBXResourcesBuildPhase;
			buildActionMask = 2147483647;
			files = (
				6673D0C8298D06B5007DF64A /* LaunchScreen.storyboard in Resources */,
				6673D0C5298D06B5007DF64A /* Assets.xcassets in Resources */,
			);
			runOnlyForDeploymentPostprocessing = 0;
		};
/* End PBXResourcesBuildPhase section */

/* Begin PBXSourcesBuildPhase section */
		6673D0B1298D06B3007DF64A /* Sources */ = {
			isa = PBXSourcesBuildPhase;
			buildActionMask = 2147483647;
			files = (
				6673D0BD298D06B3007DF64A /* ViewController.swift in Sources */,
				66F56893298E98810090F14A /* Company+CoreDataClass.swift in Sources */,
				66F568A2298EA2050090F14A /* User+CoreDataProperties.swift in Sources */,
				6673D0B9298D06B3007DF64A /* AppDelegate.swift in Sources */,
				66F56894298E98810090F14A /* Company+CoreDataProperties.swift in Sources */,
				66F5689A298E9AC80090F14A /* CoreDataManager.swift in Sources */,
				6673D0C3298D06B3007DF64A /* CoreDataWork.xcdatamodeld in Sources */,
				66F568A1298EA2050090F14A /* User+CoreDataClass.swift in Sources */,
			);
			runOnlyForDeploymentPostprocessing = 0;
		};
/* End PBXSourcesBuildPhase section */

/* Begin PBXVariantGroup section */
		6673D0C6298D06B5007DF64A /* LaunchScreen.storyboard */ = {
			isa = PBXVariantGroup;
			children = (
				6673D0C7298D06B5007DF64A /* Base */,
			);
			name = LaunchScreen.storyboard;
			sourceTree = "<group>";
		};
/* End PBXVariantGroup section */

/* Begin XCBuildConfiguration section */
		6673D0CA298D06B5007DF64A /* Debug */ = {
			isa = XCBuildConfiguration;
			buildSettings = {
				ALWAYS_SEARCH_USER_PATHS = NO;
				CLANG_ANALYZER_NONNULL = YES;
				CLANG_ANALYZER_NUMBER_OBJECT_CONVERSION = YES_AGGRESSIVE;
				CLANG_CXX_LANGUAGE_STANDARD = "gnu++20";
				CLANG_ENABLE_MODULES = YES;
				CLANG_ENABLE_OBJC_ARC = YES;
				CLANG_ENABLE_OBJC_WEAK = YES;
				CLANG_WARN_BLOCK_CAPTURE_AUTORELEASING = YES;
				CLANG_WARN_BOOL_CONVERSION = YES;
				CLANG_WARN_COMMA = YES;
				CLANG_WARN_CONSTANT_CONVERSION = YES;
				CLANG_WARN_DEPRECATED_OBJC_IMPLEMENTATIONS = YES;
				CLANG_WARN_DIRECT_OBJC_ISA_USAGE = YES_ERROR;
				CLANG_WARN_DOCUMENTATION_COMMENTS = YES;
				CLANG_WARN_EMPTY_BODY = YES;
				CLANG_WARN_ENUM_CONVERSION = YES;
				CLANG_WARN_INFINITE_RECURSION = YES;
				CLANG_WARN_INT_CONVERSION = YES;
				CLANG_WARN_NON_LITERAL_NULL_CONVERSION = YES;
				CLANG_WARN_OBJC_IMPLICIT_RETAIN_SELF = YES;
				CLANG_WARN_OBJC_LITERAL_CONVERSION = YES;
				CLANG_WARN_OBJC_ROOT_CLASS = YES_ERROR;
				CLANG_WARN_QUOTED_INCLUDE_IN_FRAMEWORK_HEADER = YES;
				CLANG_WARN_RANGE_LOOP_ANALYSIS = YES;
				CLANG_WARN_STRICT_PROTOTYPES = YES;
				CLANG_WARN_SUSPICIOUS_MOVE = YES;
				CLANG_WARN_UNGUARDED_AVAILABILITY = YES_AGGRESSIVE;
				CLANG_WARN_UNREACHABLE_CODE = YES;
				CLANG_WARN__DUPLICATE_METHOD_MATCH = YES;
				COPY_PHASE_STRIP = NO;
				DEBUG_INFORMATION_FORMAT = dwarf;
				ENABLE_STRICT_OBJC_MSGSEND = YES;
				ENABLE_TESTABILITY = YES;
				GCC_C_LANGUAGE_STANDARD = gnu11;
				GCC_DYNAMIC_NO_PIC = NO;
				GCC_NO_COMMON_BLOCKS = YES;
				GCC_OPTIMIZATION_LEVEL = 0;
				GCC_PREPROCESSOR_DEFINITIONS = (
					"DEBUG=1",
					"$(inherited)",
				);
				GCC_WARN_64_TO_32_BIT_CONVERSION = YES;
				GCC_WARN_ABOUT_RETURN_TYPE = YES_ERROR;
				GCC_WARN_UNDECLARED_SELECTOR = YES;
				GCC_WARN_UNINITIALIZED_AUTOS = YES_AGGRESSIVE;
				GCC_WARN_UNUSED_FUNCTION = YES;
				GCC_WARN_UNUSED_VARIABLE = YES;
				IPHONEOS_DEPLOYMENT_TARGET = 16.0;
				MTL_ENABLE_DEBUG_INFO = INCLUDE_SOURCE;
				MTL_FAST_MATH = YES;
				ONLY_ACTIVE_ARCH = YES;
				SDKROOT = iphoneos;
				SWIFT_ACTIVE_COMPILATION_CONDITIONS = DEBUG;
				SWIFT_OPTIMIZATION_LEVEL = "-Onone";
			};
			name = Debug;
		};
		6673D0CB298D06B5007DF64A /* Release */ = {
			isa = XCBuildConfiguration;
			buildSettings = {
				ALWAYS_SEARCH_USER_PATHS = NO;
				CLANG_ANALYZER_NONNULL = YES;
				CLANG_ANALYZER_NUMBER_OBJECT_CONVERSION = YES_AGGRESSIVE;
				CLANG_CXX_LANGUAGE_STANDARD = "gnu++20";
				CLANG_ENABLE_MODULES = YES;
				CLANG_ENABLE_OBJC_ARC = YES;
				CLANG_ENABLE_OBJC_WEAK = YES;
				CLANG_WARN_BLOCK_CAPTURE_AUTORELEASING = YES;
				CLANG_WARN_BOOL_CONVERSION = YES;
				CLANG_WARN_COMMA = YES;
				CLANG_WARN_CONSTANT_CONVERSION = YES;
				CLANG_WARN_DEPRECATED_OBJC_IMPLEMENTATIONS = YES;
				CLANG_WARN_DIRECT_OBJC_ISA_USAGE = YES_ERROR;
				CLANG_WARN_DOCUMENTATION_COMMENTS = YES;
				CLANG_WARN_EMPTY_BODY = YES;
				CLANG_WARN_ENUM_CONVERSION = YES;
				CLANG_WARN_INFINITE_RECURSION = YES;
				CLANG_WARN_INT_CONVERSION = YES;
				CLANG_WARN_NON_LITERAL_NULL_CONVERSION = YES;
				CLANG_WARN_OBJC_IMPLICIT_RETAIN_SELF = YES;
				CLANG_WARN_OBJC_LITERAL_CONVERSION = YES;
				CLANG_WARN_OBJC_ROOT_CLASS = YES_ERROR;
				CLANG_WARN_QUOTED_INCLUDE_IN_FRAMEWORK_HEADER = YES;
				CLANG_WARN_RANGE_LOOP_ANALYSIS = YES;
				CLANG_WARN_STRICT_PROTOTYPES = YES;
				CLANG_WARN_SUSPICIOUS_MOVE = YES;
				CLANG_WARN_UNGUARDED_AVAILABILITY = YES_AGGRESSIVE;
				CLANG_WARN_UNREACHABLE_CODE = YES;
				CLANG_WARN__DUPLICATE_METHOD_MATCH = YES;
				COPY_PHASE_STRIP = NO;
				DEBUG_INFORMATION_FORMAT = "dwarf-with-dsym";
				ENABLE_NS_ASSERTIONS = NO;
				ENABLE_STRICT_OBJC_MSGSEND = YES;
				GCC_C_LANGUAGE_STANDARD = gnu11;
				GCC_NO_COMMON_BLOCKS = YES;
				GCC_WARN_64_TO_32_BIT_CONVERSION = YES;
				GCC_WARN_ABOUT_RETURN_TYPE = YES_ERROR;
				GCC_WARN_UNDECLARED_SELECTOR = YES;
				GCC_WARN_UNINITIALIZED_AUTOS = YES_AGGRESSIVE;
				GCC_WARN_UNUSED_FUNCTION = YES;
				GCC_WARN_UNUSED_VARIABLE = YES;
				IPHONEOS_DEPLOYMENT_TARGET = 16.0;
				MTL_ENABLE_DEBUG_INFO = NO;
				MTL_FAST_MATH = YES;
				SDKROOT = iphoneos;
				SWIFT_COMPILATION_MODE = wholemodule;
				SWIFT_OPTIMIZATION_LEVEL = "-O";
				VALIDATE_PRODUCT = YES;
			};
			name = Release;
		};
		6673D0CD298D06B5007DF64A /* Debug */ = {
			isa = XCBuildConfiguration;
			buildSettings = {
				ASSETCATALOG_COMPILER_APPICON_NAME = AppIcon;
				ASSETCATALOG_COMPILER_GLOBAL_ACCENT_COLOR_NAME = AccentColor;
				CODE_SIGN_STYLE = Automatic;
				CURRENT_PROJECT_VERSION = 1;
				DEVELOPMENT_TEAM = Y4J7Y9NJJ8;
				GENERATE_INFOPLIST_FILE = YES;
				INFOPLIST_FILE = CoreDataWork/Info.plist;
				INFOPLIST_KEY_UIApplicationSupportsIndirectInputEvents = YES;
				INFOPLIST_KEY_UILaunchStoryboardName = LaunchScreen;
				INFOPLIST_KEY_UISupportedInterfaceOrientations_iPad = "UIInterfaceOrientationPortrait UIInterfaceOrientationPortraitUpsideDown UIInterfaceOrientationLandscapeLeft UIInterfaceOrientationLandscapeRight";
				INFOPLIST_KEY_UISupportedInterfaceOrientations_iPhone = "UIInterfaceOrientationPortrait UIInterfaceOrientationLandscapeLeft UIInterfaceOrientationLandscapeRight";
				LD_RUNPATH_SEARCH_PATHS = (
					"$(inherited)",
					"@executable_path/Frameworks",
				);
				MARKETING_VERSION = 1.0;
				PRODUCT_BUNDLE_IDENTIFIER = danilSabitov.CoreDataWork;
				PRODUCT_NAME = "$(TARGET_NAME)";
				SWIFT_EMIT_LOC_STRINGS = YES;
				SWIFT_VERSION = 5.0;
				TARGETED_DEVICE_FAMILY = "1,2";
			};
			name = Debug;
		};
		6673D0CE298D06B5007DF64A /* Release */ = {
			isa = XCBuildConfiguration;
			buildSettings = {
				ASSETCATALOG_COMPILER_APPICON_NAME = AppIcon;
				ASSETCATALOG_COMPILER_GLOBAL_ACCENT_COLOR_NAME = AccentColor;
				CODE_SIGN_STYLE = Automatic;
				CURRENT_PROJECT_VERSION = 1;
				DEVELOPMENT_TEAM = Y4J7Y9NJJ8;
				GENERATE_INFOPLIST_FILE = YES;
				INFOPLIST_FILE = CoreDataWork/Info.plist;
				INFOPLIST_KEY_UIApplicationSupportsIndirectInputEvents = YES;
				INFOPLIST_KEY_UILaunchStoryboardName = LaunchScreen;
				INFOPLIST_KEY_UISupportedInterfaceOrientations_iPad = "UIInterfaceOrientationPortrait UIInterfaceOrientationPortraitUpsideDown UIInterfaceOrientationLandscapeLeft UIInterfaceOrientationLandscapeRight";
				INFOPLIST_KEY_UISupportedInterfaceOrientations_iPhone = "UIInterfaceOrientationPortrait UIInterfaceOrientationLandscapeLeft UIInterfaceOrientationLandscapeRight";
				LD_RUNPATH_SEARCH_PATHS = (
					"$(inherited)",
					"@executable_path/Frameworks",
				);
				MARKETING_VERSION = 1.0;
				PRODUCT_BUNDLE_IDENTIFIER = danilSabitov.CoreDataWork;
				PRODUCT_NAME = "$(TARGET_NAME)";
				SWIFT_EMIT_LOC_STRINGS = YES;
				SWIFT_VERSION = 5.0;
				TARGETED_DEVICE_FAMILY = "1,2";
			};
			name = Release;
		};
/* End XCBuildConfiguration section */

/* Begin XCConfigurationList section */
		6673D0B0298D06B3007DF64A /* Build configuration list for PBXProject "CoreDataWork" */ = {
			isa = XCConfigurationList;
			buildConfigurations = (
				6673D0CA298D06B5007DF64A /* Debug */,
				6673D0CB298D06B5007DF64A /* Release */,
			);
			defaultConfigurationIsVisible = 0;
			defaultConfigurationName = Release;
		};
		6673D0CC298D06B5007DF64A /* Build configuration list for PBXNativeTarget "CoreDataWork" */ = {
			isa = XCConfigurationList;
			buildConfigurations = (
				6673D0CD298D06B5007DF64A /* Debug */,
				6673D0CE298D06B5007DF64A /* Release */,
			);
			defaultConfigurationIsVisible = 0;
			defaultConfigurationName = Release;
		};
/* End XCConfigurationList section */

/* Begin XCVersionGroup section */
		6673D0C1298D06B3007DF64A /* CoreDataWork.xcdatamodeld */ = {
			isa = XCVersionGroup;
			children = (
				6673D0C2298D06B3007DF64A /* CoreDataWork.xcdatamodel */,
			);
			currentVersion = 6673D0C2298D06B3007DF64A /* CoreDataWork.xcdatamodel */;
			path = CoreDataWork.xcdatamodeld;
			sourceTree = "<group>";
			versionGroupType = wrapper.xcdatamodel;
		};
/* End XCVersionGroup section */
	};
	rootObject = 6673D0AD298D06B3007DF64A /* Project object */;
}
